{
  "name": "nextjs-course",
  "version": "0.1.0",
  "lockfileVersion": 2,
  "requires": true,
  "packages": {
    "": {
      "name": "nextjs-course",
      "version": "0.1.0",
      "dependencies": {
        "next": "^13.0.7",
        "react": "^18.2.0",
        "react-dom": "^18.2.0"
      }
    },
    "node_modules/@next/env": {
      "version": "13.0.7",
      "resolved": "https://registry.npmjs.org/@next/env/-/env-13.0.7.tgz",
      "integrity": "sha512-ZBclBRB7DbkSswXgbJ+muF5RxfgmAuQKAWL8tcm86aZmoiL1ZainxQK0hMcMYdh+IYG8UObAKV2wKB5O+6P4ng=="
    },
    "node_modules/@next/swc-android-arm-eabi": {
      "version": "13.0.7",
      "resolved": "https://registry.npmjs.org/@next/swc-android-arm-eabi/-/swc-android-arm-eabi-13.0.7.tgz",
      "integrity": "sha512-QTEamOK/LCwBf05GZ261rULMbZEpE3TYdjHlXfznV+nXwTztzkBNFXwP67gv2wW44BROzgi/vrR9H8oP+J5jxg==",
      "cpu": [
        "arm"
      ],
      "optional": true,
      "os": [
        "android"
      ],
      "engines": {
        "node": ">= 10"
      }
    },
    "node_modules/@next/swc-android-arm64": {
      "version": "13.0.7",
      "resolved": "https://registry.npmjs.org/@next/swc-android-arm64/-/swc-android-arm64-13.0.7.tgz",
      "integrity": "sha512-wcy2H0Tl9ME8vKy2GnJZ7Mybwys+43F/Eh2Pvph7mSDpMbYBJ6iA0zeY62iYYXxlZhnAID3+h79FUqUEakkClw==",
      "cpu": [
        "arm64"
      ],
      "optional": true,
      "os": [
        "android"
      ],
      "engines": {
        "node": ">= 10"
      }
    },
    "node_modules/@next/swc-darwin-arm64": {
      "version": "13.0.7",
      "resolved": "https://registry.npmjs.org/@next/swc-darwin-arm64/-/swc-darwin-arm64-13.0.7.tgz",
      "integrity": "sha512-F/mU7csN1/J2cqXJPMgTQ6MwAbc1pJ6sp6W+X0z5JEY4IFDzxKd3wRc3pCiNF7j8xW381JlNpWxhjCctnNmfaw==",
      "cpu": [
        "arm64"
      ],
      "optional": true,
      "os": [
        "darwin"
      ],
      "engines": {
        "node": ">= 10"
      }
    },
    "node_modules/@next/swc-darwin-x64": {
      "version": "13.0.7",
      "resolved": "https://registry.npmjs.org/@next/swc-darwin-x64/-/swc-darwin-x64-13.0.7.tgz",
      "integrity": "sha512-636AuRQynCPnIPRVzcCk5B7OMq9XjaYam2T0HeWUCE6y7EqEO3kxiuZ4QmN81T7A6Ydb+JnivYrLelHXmgdj6A==",
      "cpu": [
        "x64"
      ],
      "optional": true,
      "os": [
        "darwin"
      ],
      "engines": {
        "node": ">= 10"
      }
    },
    "node_modules/@next/swc-freebsd-x64": {
      "version": "13.0.7",
      "resolved": "https://registry.npmjs.org/@next/swc-freebsd-x64/-/swc-freebsd-x64-13.0.7.tgz",
      "integrity": "sha512-92XAMzNgQazowZ9t7uZmHRA5VdBl/SwEdrf5UybdfRovsxB4r3+yJWEvFaqYpSEp0gwndbwLokJdpz7OwFdL3Q==",
      "cpu": [
        "x64"
      ],
      "optional": true,
      "os": [
        "freebsd"
      ],
      "engines": {
        "node": ">= 10"
      }
    },
    "node_modules/@next/swc-linux-arm-gnueabihf": {
      "version": "13.0.7",
      "resolved": "https://registry.npmjs.org/@next/swc-linux-arm-gnueabihf/-/swc-linux-arm-gnueabihf-13.0.7.tgz",
      "integrity": "sha512-3r1CWl5P6I5n5Yxip8EXv/Rfu2Cp6wVmIOpvmczyUR82j+bcMkwPAcUjNkG/vMCagS4xV7NElrcdGb39iFmfLg==",
      "cpu": [
        "arm"
      ],
      "optional": true,
      "os": [
        "linux"
      ],
      "engines": {
        "node": ">= 10"
      }
    },
    "node_modules/@next/swc-linux-arm64-gnu": {
      "version": "13.0.7",
      "resolved": "https://registry.npmjs.org/@next/swc-linux-arm64-gnu/-/swc-linux-arm64-gnu-13.0.7.tgz",
      "integrity": "sha512-RXo8tt6ppiwyS6hpDw3JdAjKcdVewsefxnxk9xOH4mRhMyq9V2lQx0e24X/dRiZqkx3jnWReR2WRrUlgN1UkSQ==",
      "cpu": [
        "arm64"
      ],
      "optional": true,
      "os": [
        "linux"
      ],
      "engines": {
        "node": ">= 10"
      }
    },
    "node_modules/@next/swc-linux-arm64-musl": {
      "version": "13.0.7",
      "resolved": "https://registry.npmjs.org/@next/swc-linux-arm64-musl/-/swc-linux-arm64-musl-13.0.7.tgz",
      "integrity": "sha512-RWpnW+bmfXyxyY7iARbueYDGuIF+BEp3etLeYh/RUNHb9PhOHLDgJOG8haGSykud3a6CcyBI8hEjqOhoObaDpw==",
      "cpu": [
        "arm64"
      ],
      "optional": true,
      "os": [
        "linux"
      ],
      "engines": {
        "node": ">= 10"
      }
    },
    "node_modules/@next/swc-linux-x64-gnu": {
      "version": "13.0.7",
      "resolved": "https://registry.npmjs.org/@next/swc-linux-x64-gnu/-/swc-linux-x64-gnu-13.0.7.tgz",
      "integrity": "sha512-/ygUIiMMTYnbKlFs5Ba9J5k/tNxFWy8eI1bBF8UuMTvV8QJHl/aLDiA5dwsei2kk99/cu3eay62JnJXkSk3RSQ==",
      "cpu": [
        "x64"
      ],
      "optional": true,
      "os": [
        "linux"
      ],
      "engines": {
        "node": ">= 10"
      }
    },
    "node_modules/@next/swc-linux-x64-musl": {
      "version": "13.0.7",
      "resolved": "https://registry.npmjs.org/@next/swc-linux-x64-musl/-/swc-linux-x64-musl-13.0.7.tgz",
      "integrity": "sha512-dLzr6AL77USJN0ejgx5AS8O8SbFlbYTzs0XwAWag4oQpUG2p3ARvxwQgYQ0Z+6EP0zIRZ/XfLkN/mhsyi3m4PA==",
      "cpu": [
        "x64"
      ],
      "optional": true,
      "os": [
        "linux"
      ],
      "engines": {
        "node": ">= 10"
      }
    },
    "node_modules/@next/swc-win32-arm64-msvc": {
      "version": "13.0.7",
      "resolved": "https://registry.npmjs.org/@next/swc-win32-arm64-msvc/-/swc-win32-arm64-msvc-13.0.7.tgz",
      "integrity": "sha512-+vFIVa82AwqFkpFClKT+n73fGxrhAZ2u1u3mDYEBdxO6c9U4Pj3S5tZFsGFK9kLT/bFvf/eeVOICSLCC7MSgJQ==",
      "cpu": [
        "arm64"
      ],
      "optional": true,
      "os": [
        "win32"
      ],
      "engines": {
        "node": ">= 10"
      }
    },
    "node_modules/@next/swc-win32-ia32-msvc": {
      "version": "13.0.7",
      "resolved": "https://registry.npmjs.org/@next/swc-win32-ia32-msvc/-/swc-win32-ia32-msvc-13.0.7.tgz",
      "integrity": "sha512-RNLXIhp+assD39dQY9oHhDxw+/qSJRARKhOFsHfOtf8yEfCHqcKkn3X/L+ih60ntaEqK294y1WkMk6ylotsxwA==",
      "cpu": [
        "ia32"
      ],
      "optional": true,
      "os": [
        "win32"
      ],
      "engines": {
        "node": ">= 10"
      }
    },
    "node_modules/@next/swc-win32-x64-msvc": {
      "version": "13.0.7",
      "resolved": "https://registry.npmjs.org/@next/swc-win32-x64-msvc/-/swc-win32-x64-msvc-13.0.7.tgz",
      "integrity": "sha512-kvdnlLcrnEq72ZP0lqe2Z5NqvB9N5uSCvtXJ0PhKvNncWWd0fEG9Ec9erXgwCmVlM2ytw41k9/uuQ+SVw4Pihw==",
      "cpu": [
        "x64"
      ],
      "optional": true,
      "os": [
        "win32"
      ],
      "engines": {
        "node": ">= 10"
      }
    },
    "node_modules/@swc/helpers": {
      "version": "0.4.14",
      "resolved": "https://registry.npmjs.org/@swc/helpers/-/helpers-0.4.14.tgz",
      "integrity": "sha512-4C7nX/dvpzB7za4Ql9K81xK3HPxCpHMgwTZVyf+9JQ6VUbn9jjZVN7/Nkdz/Ugzs2CSjqnL/UPXroiVBVHUWUw==",
      "dependencies": {
        "tslib": "^2.4.0"
      }
    },
    "node_modules/caniuse-lite": {
      "version": "1.0.30001439",
      "resolved": "https://registry.npmjs.org/caniuse-lite/-/caniuse-lite-1.0.30001439.tgz",
      "integrity": "sha512-1MgUzEkoMO6gKfXflStpYgZDlFM7M/ck/bgfVCACO5vnAf0fXoNVHdWtqGU+MYca+4bL9Z5bpOVmR33cWW9G2A==",
      "funding": [
        {
          "type": "opencollective",
          "url": "https://opencollective.com/browserslist"
        },
        {
          "type": "tidelift",
          "url": "https://tidelift.com/funding/github/npm/caniuse-lite"
        }
      ]
    },
    "node_modules/client-only": {
      "version": "0.0.1",
      "resolved": "https://registry.npmjs.org/client-only/-/client-only-0.0.1.tgz",
      "integrity": "sha512-IV3Ou0jSMzZrd3pZ48nLkT9DA7Ag1pnPzaiQhpW7c3RbcqqzvzzVu+L8gfqMp/8IM2MQtSiqaCxrrcfu8I8rMA=="
    },
    "node_modules/js-tokens": {
      "version": "4.0.0",
      "resolved": "https://registry.npmjs.org/js-tokens/-/js-tokens-4.0.0.tgz",
      "integrity": "sha512-RdJUflcE3cUzKiMqQgsCu06FPu9UdIJO0beYbPhHN4k6apgJtifcoCtT9bcxOpYBtpD2kCM6Sbzg4CausW/PKQ=="
    },
    "node_modules/loose-envify": {
      "version": "1.4.0",
      "resolved": "https://registry.npmjs.org/loose-envify/-/loose-envify-1.4.0.tgz",
      "integrity": "sha512-lyuxPGr/Wfhrlem2CL/UcnUc1zcqKAImBDzukY7Y5F/yQiNdko6+fRLevlw1HgMySw7f611UIY408EtxRSoK3Q==",
      "dependencies": {
        "js-tokens": "^3.0.0 || ^4.0.0"
      },
      "bin": {
        "loose-envify": "cli.js"
      }
    },
    "node_modules/nanoid": {
      "version": "3.3.4",
      "resolved": "https://registry.npmjs.org/nanoid/-/nanoid-3.3.4.tgz",
      "integrity": "sha512-MqBkQh/OHTS2egovRtLk45wEyNXwF+cokD+1YPf9u5VfJiRdAiRwB2froX5Co9Rh20xs4siNPm8naNotSD6RBw==",
      "bin": {
        "nanoid": "bin/nanoid.cjs"
      },
      "engines": {
        "node": "^10 || ^12 || ^13.7 || ^14 || >=15.0.1"
      }
    },
    "node_modules/next": {
      "version": "13.0.7",
      "resolved": "https://registry.npmjs.org/next/-/next-13.0.7.tgz",
      "integrity": "sha512-YfTifqX9vfHm+rSU/H/3xvzOHDkYuMuh4wsvTjiqj9h7qHEF7KHB66X4qrH96Po+ohdid4JY8YVGPziDwdXL0A==",
      "dependencies": {
        "@next/env": "13.0.7",
        "@swc/helpers": "0.4.14",
        "caniuse-lite": "^1.0.30001406",
        "postcss": "8.4.14",
        "styled-jsx": "5.1.0"
      },
      "bin": {
        "next": "dist/bin/next"
      },
      "engines": {
        "node": ">=14.6.0"
      },
      "optionalDependencies": {
        "@next/swc-android-arm-eabi": "13.0.7",
        "@next/swc-android-arm64": "13.0.7",
        "@next/swc-darwin-arm64": "13.0.7",
        "@next/swc-darwin-x64": "13.0.7",
        "@next/swc-freebsd-x64": "13.0.7",
        "@next/swc-linux-arm-gnueabihf": "13.0.7",
        "@next/swc-linux-arm64-gnu": "13.0.7",
        "@next/swc-linux-arm64-musl": "13.0.7",
        "@next/swc-linux-x64-gnu": "13.0.7",
        "@next/swc-linux-x64-musl": "13.0.7",
        "@next/swc-win32-arm64-msvc": "13.0.7",
        "@next/swc-win32-ia32-msvc": "13.0.7",
        "@next/swc-win32-x64-msvc": "13.0.7"
      },
      "peerDependencies": {
        "fibers": ">= 3.1.0",
        "node-sass": "^6.0.0 || ^7.0.0",
        "react": "^18.2.0",
        "react-dom": "^18.2.0",
        "sass": "^1.3.0"
      },
      "peerDependenciesMeta": {
        "fibers": {
          "optional": true
        },
        "node-sass": {
          "optional": true
        },
        "sass": {
          "optional": true
        }
      }
    },
    "node_modules/picocolors": {
      "version": "1.0.0",
      "resolved": "https://registry.npmjs.org/picocolors/-/picocolors-1.0.0.tgz",
      "integrity": "sha512-1fygroTLlHu66zi26VoTDv8yRgm0Fccecssto+MhsZ0D/DGW2sm8E8AjW7NU5VVTRt5GxbeZ5qBuJr+HyLYkjQ=="
    },
    "node_modules/postcss": {
      "version": "8.4.14",
      "resolved": "https://registry.npmjs.org/postcss/-/postcss-8.4.14.tgz",
      "integrity": "sha512-E398TUmfAYFPBSdzgeieK2Y1+1cpdxJx8yXbK/m57nRhKSmk1GB2tO4lbLBtlkfPQTDKfe4Xqv1ASWPpayPEig==",
      "funding": [
        {
          "type": "opencollective",
          "url": "https://opencollective.com/postcss/"
        },
        {
          "type": "tidelift",
          "url": "https://tidelift.com/funding/github/npm/postcss"
        }
      ],
      "dependencies": {
        "nanoid": "^3.3.4",
        "picocolors": "^1.0.0",
        "source-map-js": "^1.0.2"
      },
      "engines": {
        "node": "^10 || ^12 || >=14"
      }
    },
    "node_modules/react": {
      "version": "18.2.0",
      "resolved": "https://registry.npmjs.org/react/-/react-18.2.0.tgz",
      "integrity": "sha512-/3IjMdb2L9QbBdWiW5e3P2/npwMBaU9mHCSCUzNln0ZCYbcfTsGbTJrU/kGemdH2IWmB2ioZ+zkxtmq6g09fGQ==",
      "dependencies": {
        "loose-envify": "^1.1.0"
      },
      "engines": {
        "node": ">=0.10.0"
      }
    },
    "node_modules/react-dom": {
      "version": "18.2.0",
      "resolved": "https://registry.npmjs.org/react-dom/-/react-dom-18.2.0.tgz",
      "integrity": "sha512-6IMTriUmvsjHUjNtEDudZfuDQUoWXVxKHhlEGSk81n4YFS+r/Kl99wXiwlVXtPBtJenozv2P+hxDsw9eA7Xo6g==",
      "dependencies": {
        "loose-envify": "^1.1.0",
        "scheduler": "^0.23.0"
      },
      "peerDependencies": {
        "react": "^18.2.0"
      }
    },
    "node_modules/scheduler": {
      "version": "0.23.0",
      "resolved": "https://registry.npmjs.org/scheduler/-/scheduler-0.23.0.tgz",
      "integrity": "sha512-CtuThmgHNg7zIZWAXi3AsyIzA3n4xx7aNyjwC2VJldO2LMVDhFK+63xGqq6CsJH4rTAt6/M+N4GhZiDYPx9eUw==",
      "dependencies": {
        "loose-envify": "^1.1.0"
      }
    },
    "node_modules/source-map-js": {
      "version": "1.0.2",
      "resolved": "https://registry.npmjs.org/source-map-js/-/source-map-js-1.0.2.tgz",
      "integrity": "sha512-R0XvVJ9WusLiqTCEiGCmICCMplcCkIwwR11mOSD9CR5u+IXYdiseeEuXCVAjS54zqwkLcPNnmU4OeJ6tUrWhDw==",
      "engines": {
        "node": ">=0.10.0"
      }
    },
    "node_modules/styled-jsx": {
      "version": "5.1.0",
      "resolved": "https://registry.npmjs.org/styled-jsx/-/styled-jsx-5.1.0.tgz",
      "integrity": "sha512-/iHaRJt9U7T+5tp6TRelLnqBqiaIT0HsO0+vgyj8hK2KUk7aejFqRrumqPUlAqDwAj8IbS/1hk3IhBAAK/FCUQ==",
      "dependencies": {
        "client-only": "0.0.1"
      },
      "engines": {
        "node": ">= 12.0.0"
      },
      "peerDependencies": {
        "react": ">= 16.8.0 || 17.x.x || ^18.0.0-0"
      },
      "peerDependenciesMeta": {
        "@babel/core": {
          "optional": true
        },
        "babel-plugin-macros": {
          "optional": true
        }
      }
    },
    "node_modules/tslib": {
      "version": "2.4.1",
      "resolved": "https://registry.npmjs.org/tslib/-/tslib-2.4.1.tgz",
      "integrity": "sha512-tGyy4dAjRIEwI7BzsB0lynWgOpfqjUdq91XXAlIWD2OwKBH7oCl/GZG/HT4BOHrTlPMOASlMQ7veyTqpmRcrNA=="
    }
  },
  "dependencies": {
    "@next/env": {
      "version": "13.0.7",
      "resolved": "https://registry.npmjs.org/@next/env/-/env-13.0.7.tgz",
      "integrity": "sha512-ZBclBRB7DbkSswXgbJ+muF5RxfgmAuQKAWL8tcm86aZmoiL1ZainxQK0hMcMYdh+IYG8UObAKV2wKB5O+6P4ng=="
    },
    "@next/swc-android-arm-eabi": {
      "version": "13.0.7",
      "resolved": "https://registry.npmjs.org/@next/swc-android-arm-eabi/-/swc-android-arm-eabi-13.0.7.tgz",
      "integrity": "sha512-QTEamOK/LCwBf05GZ261rULMbZEpE3TYdjHlXfznV+nXwTztzkBNFXwP67gv2wW44BROzgi/vrR9H8oP+J5jxg==",
      "optional": true
    },
    "@next/swc-android-arm64": {
      "version": "13.0.7",
      "resolved": "https://registry.npmjs.org/@next/swc-android-arm64/-/swc-android-arm64-13.0.7.tgz",
      "integrity": "sha512-wcy2H0Tl9ME8vKy2GnJZ7Mybwys+43F/Eh2Pvph7mSDpMbYBJ6iA0zeY62iYYXxlZhnAID3+h79FUqUEakkClw==",
      "optional": true
    },
    "@next/swc-darwin-arm64": {
      "version": "13.0.7",
      "resolved": "https://registry.npmjs.org/@next/swc-darwin-arm64/-/swc-darwin-arm64-13.0.7.tgz",
      "integrity": "sha512-F/mU7csN1/J2cqXJPMgTQ6MwAbc1pJ6sp6W+X0z5JEY4IFDzxKd3wRc3pCiNF7j8xW381JlNpWxhjCctnNmfaw==",
      "optional": true
    },
    "@next/swc-darwin-x64": {
      "version": "13.0.7",
      "resolved": "https://registry.npmjs.org/@next/swc-darwin-x64/-/swc-darwin-x64-13.0.7.tgz",
      "integrity": "sha512-636AuRQynCPnIPRVzcCk5B7OMq9XjaYam2T0HeWUCE6y7EqEO3kxiuZ4QmN81T7A6Ydb+JnivYrLelHXmgdj6A==",
      "optional": true
    },
    "@next/swc-freebsd-x64": {
      "version": "13.0.7",
      "resolved": "https://registry.npmjs.org/@next/swc-freebsd-x64/-/swc-freebsd-x64-13.0.7.tgz",
      "integrity": "sha512-92XAMzNgQazowZ9t7uZmHRA5VdBl/SwEdrf5UybdfRovsxB4r3+yJWEvFaqYpSEp0gwndbwLokJdpz7OwFdL3Q==",
      "optional": true
    },
    "@next/swc-linux-arm-gnueabihf": {
      "version": "13.0.7",
      "resolved": "https://registry.npmjs.org/@next/swc-linux-arm-gnueabihf/-/swc-linux-arm-gnueabihf-13.0.7.tgz",
      "integrity": "sha512-3r1CWl5P6I5n5Yxip8EXv/Rfu2Cp6wVmIOpvmczyUR82j+bcMkwPAcUjNkG/vMCagS4xV7NElrcdGb39iFmfLg==",
      "optional": true
    },
    "@next/swc-linux-arm64-gnu": {
      "version": "13.0.7",
      "resolved": "https://registry.npmjs.org/@next/swc-linux-arm64-gnu/-/swc-linux-arm64-gnu-13.0.7.tgz",
      "integrity": "sha512-RXo8tt6ppiwyS6hpDw3JdAjKcdVewsefxnxk9xOH4mRhMyq9V2lQx0e24X/dRiZqkx3jnWReR2WRrUlgN1UkSQ==",
      "optional": true
    },
    "@next/swc-linux-arm64-musl": {
      "version": "13.0.7",
      "resolved": "https://registry.npmjs.org/@next/swc-linux-arm64-musl/-/swc-linux-arm64-musl-13.0.7.tgz",
      "integrity": "sha512-RWpnW+bmfXyxyY7iARbueYDGuIF+BEp3etLeYh/RUNHb9PhOHLDgJOG8haGSykud3a6CcyBI8hEjqOhoObaDpw==",
      "optional": true
    },
    "@next/swc-linux-x64-gnu": {
      "version": "13.0.7",
      "resolved": "https://registry.npmjs.org/@next/swc-linux-x64-gnu/-/swc-linux-x64-gnu-13.0.7.tgz",
      "integrity": "sha512-/ygUIiMMTYnbKlFs5Ba9J5k/tNxFWy8eI1bBF8UuMTvV8QJHl/aLDiA5dwsei2kk99/cu3eay62JnJXkSk3RSQ==",
      "optional": true
    },
    "@next/swc-linux-x64-musl": {
      "version": "13.0.7",
      "resolved": "https://registry.npmjs.org/@next/swc-linux-x64-musl/-/swc-linux-x64-musl-13.0.7.tgz",
      "integrity": "sha512-dLzr6AL77USJN0ejgx5AS8O8SbFlbYTzs0XwAWag4oQpUG2p3ARvxwQgYQ0Z+6EP0zIRZ/XfLkN/mhsyi3m4PA==",
      "optional": true
    },
    "@next/swc-win32-arm64-msvc": {
      "version": "13.0.7",
      "resolved": "https://registry.npmjs.org/@next/swc-win32-arm64-msvc/-/swc-win32-arm64-msvc-13.0.7.tgz",
      "integrity": "sha512-+vFIVa82AwqFkpFClKT+n73fGxrhAZ2u1u3mDYEBdxO6c9U4Pj3S5tZFsGFK9kLT/bFvf/eeVOICSLCC7MSgJQ==",
      "optional": true
    },
    "@next/swc-win32-ia32-msvc": {
      "version": "13.0.7",
      "resolved": "https://registry.npmjs.org/@next/swc-win32-ia32-msvc/-/swc-win32-ia32-msvc-13.0.7.tgz",
      "integrity": "sha512-RNLXIhp+assD39dQY9oHhDxw+/qSJRARKhOFsHfOtf8yEfCHqcKkn3X/L+ih60ntaEqK294y1WkMk6ylotsxwA==",
      "optional": true
    },
    "@next/swc-win32-x64-msvc": {
      "version": "13.0.7",
      "resolved": "https://registry.npmjs.org/@next/swc-win32-x64-msvc/-/swc-win32-x64-msvc-13.0.7.tgz",
      "integrity": "sha512-kvdnlLcrnEq72ZP0lqe2Z5NqvB9N5uSCvtXJ0PhKvNncWWd0fEG9Ec9erXgwCmVlM2ytw41k9/uuQ+SVw4Pihw==",
      "optional": true
    },
    "@swc/helpers": {
      "version": "0.4.14",
      "resolved": "https://registry.npmjs.org/@swc/helpers/-/helpers-0.4.14.tgz",
      "integrity": "sha512-4C7nX/dvpzB7za4Ql9K81xK3HPxCpHMgwTZVyf+9JQ6VUbn9jjZVN7/Nkdz/Ugzs2CSjqnL/UPXroiVBVHUWUw==",
      "requires": {
        "tslib": "^2.4.0"
      }
    },
    "caniuse-lite": {
      "version": "1.0.30001439",
      "resolved": "https://registry.npmjs.org/caniuse-lite/-/caniuse-lite-1.0.30001439.tgz",
      "integrity": "sha512-1MgUzEkoMO6gKfXflStpYgZDlFM7M/ck/bgfVCACO5vnAf0fXoNVHdWtqGU+MYca+4bL9Z5bpOVmR33cWW9G2A=="
    },
    "client-only": {
      "version": "0.0.1",
      "resolved": "https://registry.npmjs.org/client-only/-/client-only-0.0.1.tgz",
      "integrity": "sha512-IV3Ou0jSMzZrd3pZ48nLkT9DA7Ag1pnPzaiQhpW7c3RbcqqzvzzVu+L8gfqMp/8IM2MQtSiqaCxrrcfu8I8rMA=="
    },
    "js-tokens": {
      "version": "4.0.0",
      "resolved": "https://registry.npmjs.org/js-tokens/-/js-tokens-4.0.0.tgz",
      "integrity": "sha512-RdJUflcE3cUzKiMqQgsCu06FPu9UdIJO0beYbPhHN4k6apgJtifcoCtT9bcxOpYBtpD2kCM6Sbzg4CausW/PKQ=="
    },
    "loose-envify": {
      "version": "1.4.0",
      "resolved": "https://registry.npmjs.org/loose-envify/-/loose-envify-1.4.0.tgz",
      "integrity": "sha512-lyuxPGr/Wfhrlem2CL/UcnUc1zcqKAImBDzukY7Y5F/yQiNdko6+fRLevlw1HgMySw7f611UIY408EtxRSoK3Q==",
      "requires": {
        "js-tokens": "^3.0.0 || ^4.0.0"
      }
    },
    "nanoid": {
      "version": "3.3.4",
      "resolved": "https://registry.npmjs.org/nanoid/-/nanoid-3.3.4.tgz",
      "integrity": "sha512-MqBkQh/OHTS2egovRtLk45wEyNXwF+cokD+1YPf9u5VfJiRdAiRwB2froX5Co9Rh20xs4siNPm8naNotSD6RBw=="
    },
    "next": {
      "version": "13.0.7",
      "resolved": "https://registry.npmjs.org/next/-/next-13.0.7.tgz",
      "integrity": "sha512-YfTifqX9vfHm+rSU/H/3xvzOHDkYuMuh4wsvTjiqj9h7qHEF7KHB66X4qrH96Po+ohdid4JY8YVGPziDwdXL0A==",
      "requires": {
        "@next/env": "13.0.7",
        "@next/swc-android-arm-eabi": "13.0.7",
        "@next/swc-android-arm64": "13.0.7",
        "@next/swc-darwin-arm64": "13.0.7",
        "@next/swc-darwin-x64": "13.0.7",
        "@next/swc-freebsd-x64": "13.0.7",
        "@next/swc-linux-arm-gnueabihf": "13.0.7",
        "@next/swc-linux-arm64-gnu": "13.0.7",
        "@next/swc-linux-arm64-musl": "13.0.7",
        "@next/swc-linux-x64-gnu": "13.0.7",
        "@next/swc-linux-x64-musl": "13.0.7",
        "@next/swc-win32-arm64-msvc": "13.0.7",
        "@next/swc-win32-ia32-msvc": "13.0.7",
        "@next/swc-win32-x64-msvc": "13.0.7",
        "@swc/helpers": "0.4.14",
        "caniuse-lite": "^1.0.30001406",
        "postcss": "8.4.14",
        "styled-jsx": "5.1.0"
      }
    },
    "picocolors": {
      "version": "1.0.0",
      "resolved": "https://registry.npmjs.org/picocolors/-/picocolors-1.0.0.tgz",
      "integrity": "sha512-1fygroTLlHu66zi26VoTDv8yRgm0Fccecssto+MhsZ0D/DGW2sm8E8AjW7NU5VVTRt5GxbeZ5qBuJr+HyLYkjQ=="
    },
    "postcss": {
      "version": "8.4.14",
      "resolved": "https://registry.npmjs.org/postcss/-/postcss-8.4.14.tgz",
      "integrity": "sha512-E398TUmfAYFPBSdzgeieK2Y1+1cpdxJx8yXbK/m57nRhKSmk1GB2tO4lbLBtlkfPQTDKfe4Xqv1ASWPpayPEig==",
      "requires": {
        "nanoid": "^3.3.4",
        "picocolors": "^1.0.0",
        "source-map-js": "^1.0.2"
      }
    },
    "react": {
      "version": "18.2.0",
      "resolved": "https://registry.npmjs.org/react/-/react-18.2.0.tgz",
      "integrity": "sha512-/3IjMdb2L9QbBdWiW5e3P2/npwMBaU9mHCSCUzNln0ZCYbcfTsGbTJrU/kGemdH2IWmB2ioZ+zkxtmq6g09fGQ==",
      "requires": {
        "loose-envify": "^1.1.0"
      }
    },
    "react-dom": {
      "version": "18.2.0",
      "resolved": "https://registry.npmjs.org/react-dom/-/react-dom-18.2.0.tgz",
      "integrity": "sha512-6IMTriUmvsjHUjNtEDudZfuDQUoWXVxKHhlEGSk81n4YFS+r/Kl99wXiwlVXtPBtJenozv2P+hxDsw9eA7Xo6g==",
      "requires": {
        "loose-envify": "^1.1.0",
        "scheduler": "^0.23.0"
      }
    },
    "scheduler": {
      "version": "0.23.0",
      "resolved": "https://registry.npmjs.org/scheduler/-/scheduler-0.23.0.tgz",
      "integrity": "sha512-CtuThmgHNg7zIZWAXi3AsyIzA3n4xx7aNyjwC2VJldO2LMVDhFK+63xGqq6CsJH4rTAt6/M+N4GhZiDYPx9eUw==",
      "requires": {
        "loose-envify": "^1.1.0"
      }
    },
    "source-map-js": {
      "version": "1.0.2",
      "resolved": "https://registry.npmjs.org/source-map-js/-/source-map-js-1.0.2.tgz",
      "integrity": "sha512-R0XvVJ9WusLiqTCEiGCmICCMplcCkIwwR11mOSD9CR5u+IXYdiseeEuXCVAjS54zqwkLcPNnmU4OeJ6tUrWhDw=="
    },
    "styled-jsx": {
      "version": "5.1.0",
      "resolved": "https://registry.npmjs.org/styled-jsx/-/styled-jsx-5.1.0.tgz",
      "integrity": "sha512-/iHaRJt9U7T+5tp6TRelLnqBqiaIT0HsO0+vgyj8hK2KUk7aejFqRrumqPUlAqDwAj8IbS/1hk3IhBAAK/FCUQ==",
      "requires": {
        "client-only": "0.0.1"
      }
    },
    "tslib": {
      "version": "2.4.1",
      "resolved": "https://registry.npmjs.org/tslib/-/tslib-2.4.1.tgz",
      "integrity": "sha512-tGyy4dAjRIEwI7BzsB0lynWgOpfqjUdq91XXAlIWD2OwKBH7oCl/GZG/HT4BOHrTlPMOASlMQ7veyTqpmRcrNA=="
    }
  }
}
